{
  "name": "npm_study2",
  "version": "1.0.0",
  "lockfileVersion": 3,
  "requires": true,
  "packages": {
    "": {
      "name": "npm_study2",
      "version": "1.0.0",
      "license": "ISC",
      "dependencies": {
        "hana4_js_npm": "^1.0.3"
      }
    },
    "node_modules/hana4_js_npm": {
      "version": "1.0.3",
      "resolved": "https://registry.npmjs.org/hana4_js_npm/-/hana4_js_npm-1.0.3.tgz",
      "integrity": "sha512-LvW6hREoL57vKeX2Pcsqo73IC0YyevPSliDw7lcE//Kd2n2dq5Sq6J0gy6yta1+/54eAmHjdLw3zgHNWk3K9Cg==",
      "license": "ISC",
      "dependencies": {
        "moment": "^2.30.1"
      }
    },
    "node_modules/moment": {
      "version": "2.30.1",
      "resolved": "https://registry.npmjs.org/moment/-/moment-2.30.1.tgz",
      "integrity": "sha512-uEmtNhbDOrWPFS+hdjFCBfy9f2YoyzRpwcl+DqpC6taX21FzsTLQVbMV/W7PzNSX6x/bhC1zA3c2UQ5NzH6how==",
      "license": "MIT",
      "engines": {
        "node": "*"
      }
    }
  }
}
